
Microsoft Visual Studio Solution File, Format Version 12.00
# Visual Studio Version 16
VisualStudioVersion = 16.0.31702.278
MinimumVisualStudioVersion = 10.0.40219.1
Project("{FAE04EC0-301F-11D3-BF4B-00C04F79EFBC}") = "nsfwjs-gui", "nsfwjs-gui\nsfwjs-gui.csproj", "{A88B82A1-3C43-4EFE-84AB-F10518219AEF}"
EndProject
Project("{FAE04EC0-301F-11D3-BF4B-00C04F79EFBC}") = "nsfwjs-ffmpeg", "nsfwjs-ffmpeg\nsfwjs-ffmpeg.csproj", "{D9FE8E37-A43F-4B14-A6B8-9FF8E605ADDF}"
EndProject
Global
	GlobalSection(SolutionConfigurationPlatforms) = preSolution
		Debug|Any CPU = Debug|Any CPU
		Release|Any CPU = Release|Any CPU
	EndGlobalSection
	GlobalSection(ProjectConfigurationPlatforms) = postSolution
		{A88B82A1-3C43-4EFE-84AB-F10518219AEF}.Debug|Any CPU.ActiveCfg = Debug|Any CPU
		{A88B82A1-3C43-4EFE-84AB-F10518219AEF}.Debug|Any CPU.Build.0 = Debug|Any CPU
		{A88B82A1-3C43-4EFE-84AB-F10518219AEF}.Release|Any CPU.ActiveCfg = Release|Any CPU
		{A88B82A1-3C43-4EFE-84AB-F10518219AEF}.Release|Any CPU.Build.0 = Release|Any CPU
		{D9FE8E37-A43F-4B14-A6B8-9FF8E605ADDF}.Debug|Any CPU.ActiveCfg = Debug|Any CPU
		{D9FE8E37-A43F-4B14-A6B8-9FF8E605ADDF}.Debug|Any CPU.Build.0 = Debug|Any CPU
		{D9FE8E37-A43F-4B14-A6B8-9FF8E605ADDF}.Release|Any CPU.ActiveCfg = Release|Any CPU
		{D9FE8E37-A43F-4B14-A6B8-9FF8E605ADDF}.Release|Any CPU.Build.0 = Release|Any CPU
	EndGlobalSection
	GlobalSection(SolutionProperties) = preSolution
		HideSolutionNode = FALSE
	EndGlobalSection
	GlobalSection(ExtensibilityGlobals) = postSolution
		SolutionGuid = {A80F25A2-5775-4B69-9E19-FB7AB117A947}
	EndGlobalSection
EndGlobal
